
Microsoft Visual Studio Solution File, Format Version 12.00
# Visual Studio Version 17
VisualStudioVersion = 17.5.002.0
MinimumVisualStudioVersion = 10.0.40219.1
Project("{2150E333-8FDC-42A3-9474-1A3956D46DE8}") = "01-basic", "01-basic", "{3FD00101-4027-415C-917D-6662A5FF76A7}"
EndProject
Project("{9A19103F-16F7-4668-BE54-9A1E7A4F7556}") = "HelloWorld", "01-basic\HelloWorld\HelloWorld.csproj", "{C444352B-4AD0-4073-9A7C-067D205F5521}"
EndProject
Project("{2150E333-8FDC-42A3-9474-1A3956D46DE8}") = "02-intermediate", "02-intermediate", "{1496B770-F09F-41F2-904C-F512317CB1DE}"
EndProject
Project("{9A19103F-16F7-4668-BE54-9A1E7A4F7556}") = "HelloWorld", "02-intermediate\HelloWorld\HelloWorld.csproj", "{ACE6E72E-FE5A-4908-8E69-5D196E486CBC}"
EndProject
Global
	GlobalSection(SolutionConfigurationPlatforms) = preSolution
		Debug|Any CPU = Debug|Any CPU
		Release|Any CPU = Release|Any CPU
	EndGlobalSection
	GlobalSection(ProjectConfigurationPlatforms) = postSolution
		{C444352B-4AD0-4073-9A7C-067D205F5521}.Debug|Any CPU.ActiveCfg = Debug|Any CPU
		{C444352B-4AD0-4073-9A7C-067D205F5521}.Debug|Any CPU.Build.0 = Debug|Any CPU
		{C444352B-4AD0-4073-9A7C-067D205F5521}.Release|Any CPU.ActiveCfg = Release|Any CPU
		{C444352B-4AD0-4073-9A7C-067D205F5521}.Release|Any CPU.Build.0 = Release|Any CPU
		{ACE6E72E-FE5A-4908-8E69-5D196E486CBC}.Debug|Any CPU.ActiveCfg = Debug|Any CPU
		{ACE6E72E-FE5A-4908-8E69-5D196E486CBC}.Debug|Any CPU.Build.0 = Debug|Any CPU
		{ACE6E72E-FE5A-4908-8E69-5D196E486CBC}.Release|Any CPU.ActiveCfg = Release|Any CPU
		{ACE6E72E-FE5A-4908-8E69-5D196E486CBC}.Release|Any CPU.Build.0 = Release|Any CPU
	EndGlobalSection
	GlobalSection(SolutionProperties) = preSolution
		HideSolutionNode = FALSE
	EndGlobalSection
	GlobalSection(NestedProjects) = preSolution
		{C444352B-4AD0-4073-9A7C-067D205F5521} = {3FD00101-4027-415C-917D-6662A5FF76A7}
		{ACE6E72E-FE5A-4908-8E69-5D196E486CBC} = {1496B770-F09F-41F2-904C-F512317CB1DE}
	EndGlobalSection
	GlobalSection(ExtensibilityGlobals) = postSolution
		SolutionGuid = {60C49244-6027-4D90-944D-3E199CC801F1}
	EndGlobalSection
EndGlobal
